
Microsoft Visual Studio Solution File, Format Version 12.00
# Visual Studio Version 16
VisualStudioVersion = 16.0.30413.136
MinimumVisualStudioVersion = 10.0.40219.1
Project("{FAE04EC0-301F-11D3-BF4B-00C04F79EFBC}") = "Show.Core", "Show.Core\Show.Core.csproj", "{789B27E9-E1BD-481A-BD95-F7369113D93B}"
EndProject
Project("{FAE04EC0-301F-11D3-BF4B-00C04F79EFBC}") = "Show.Services", "Show.Services\Show.Services.csproj", "{3E3FF8D7-3C31-4227-B0DA-723AE021BC74}"
EndProject
Project("{FAE04EC0-301F-11D3-BF4B-00C04F79EFBC}") = "Show.DataAccess.SQL", "Show.DataAccess.SQL\Show.DataAccess.SQL.csproj", "{78A059B2-5DB9-4F81-B3FE-3E5F0511531D}"
EndProject
Project("{FAE04EC0-301F-11D3-BF4B-00C04F79EFBC}") = "Show.DataAccess.InMemory", "Show.DataAccess.InMemory\Show.DataAccess.InMemory.csproj", "{A4E17344-C343-44E8-A14A-0AAFC8329CD8}"
EndProject
Project("{FAE04EC0-301F-11D3-BF4B-00C04F79EFBC}") = "Show.WebUI", "Show.WebUI\Show.WebUI.csproj", "{2216708F-4E46-4521-86AB-EED46D887A7E}"
EndProject
Project("{FAE04EC0-301F-11D3-BF4B-00C04F79EFBC}") = "Show.WebUI.Tests", "Show.WebUI.Tests\Show.WebUI.Tests.csproj", "{76DACB7B-DAF7-40B9-BFC4-81B6CDED368A}"
EndProject
Global
	GlobalSection(SolutionConfigurationPlatforms) = preSolution
		Debug|Any CPU = Debug|Any CPU
		Release|Any CPU = Release|Any CPU
	EndGlobalSection
	GlobalSection(ProjectConfigurationPlatforms) = postSolution
		{789B27E9-E1BD-481A-BD95-F7369113D93B}.Debug|Any CPU.ActiveCfg = Debug|Any CPU
		{789B27E9-E1BD-481A-BD95-F7369113D93B}.Debug|Any CPU.Build.0 = Debug|Any CPU
		{789B27E9-E1BD-481A-BD95-F7369113D93B}.Release|Any CPU.ActiveCfg = Release|Any CPU
		{789B27E9-E1BD-481A-BD95-F7369113D93B}.Release|Any CPU.Build.0 = Release|Any CPU
		{3E3FF8D7-3C31-4227-B0DA-723AE021BC74}.Debug|Any CPU.ActiveCfg = Debug|Any CPU
		{3E3FF8D7-3C31-4227-B0DA-723AE021BC74}.Debug|Any CPU.Build.0 = Debug|Any CPU
		{3E3FF8D7-3C31-4227-B0DA-723AE021BC74}.Release|Any CPU.ActiveCfg = Release|Any CPU
		{3E3FF8D7-3C31-4227-B0DA-723AE021BC74}.Release|Any CPU.Build.0 = Release|Any CPU
		{78A059B2-5DB9-4F81-B3FE-3E5F0511531D}.Debug|Any CPU.ActiveCfg = Debug|Any CPU
		{78A059B2-5DB9-4F81-B3FE-3E5F0511531D}.Debug|Any CPU.Build.0 = Debug|Any CPU
		{78A059B2-5DB9-4F81-B3FE-3E5F0511531D}.Release|Any CPU.ActiveCfg = Release|Any CPU
		{78A059B2-5DB9-4F81-B3FE-3E5F0511531D}.Release|Any CPU.Build.0 = Release|Any CPU
		{A4E17344-C343-44E8-A14A-0AAFC8329CD8}.Debug|Any CPU.ActiveCfg = Debug|Any CPU
		{A4E17344-C343-44E8-A14A-0AAFC8329CD8}.Debug|Any CPU.Build.0 = Debug|Any CPU
		{A4E17344-C343-44E8-A14A-0AAFC8329CD8}.Release|Any CPU.ActiveCfg = Release|Any CPU
		{A4E17344-C343-44E8-A14A-0AAFC8329CD8}.Release|Any CPU.Build.0 = Release|Any CPU
		{2216708F-4E46-4521-86AB-EED46D887A7E}.Debug|Any CPU.ActiveCfg = Debug|Any CPU
		{2216708F-4E46-4521-86AB-EED46D887A7E}.Debug|Any CPU.Build.0 = Debug|Any CPU
		{2216708F-4E46-4521-86AB-EED46D887A7E}.Release|Any CPU.ActiveCfg = Release|Any CPU
		{2216708F-4E46-4521-86AB-EED46D887A7E}.Release|Any CPU.Build.0 = Release|Any CPU
		{76DACB7B-DAF7-40B9-BFC4-81B6CDED368A}.Debug|Any CPU.ActiveCfg = Debug|Any CPU
		{76DACB7B-DAF7-40B9-BFC4-81B6CDED368A}.Debug|Any CPU.Build.0 = Debug|Any CPU
		{76DACB7B-DAF7-40B9-BFC4-81B6CDED368A}.Release|Any CPU.ActiveCfg = Release|Any CPU
		{76DACB7B-DAF7-40B9-BFC4-81B6CDED368A}.Release|Any CPU.Build.0 = Release|Any CPU
	EndGlobalSection
	GlobalSection(SolutionProperties) = preSolution
		HideSolutionNode = FALSE
	EndGlobalSection
	GlobalSection(ExtensibilityGlobals) = postSolution
		SolutionGuid = {9C42D30F-F0D3-422F-BC18-665A26F02344}
	EndGlobalSection
EndGlobal
